
Microsoft Visual Studio Solution File, Format Version 12.00
# Visual Studio Version 16
VisualStudioVersion = 16.0.31205.134
MinimumVisualStudioVersion = 10.0.40219.1
Project("{FAE04EC0-301F-11D3-BF4B-00C04F79EFBC}") = "MarsRover", "MarsRover\MarsRover.csproj", "{D9345B13-EF5D-41D2-BFFB-5066EF056FCE}"
EndProject
Project("{FAE04EC0-301F-11D3-BF4B-00C04F79EFBC}") = "MarsRoverTest", "MarsRoverTest\MarsRoverTest.csproj", "{421166B2-D1C4-4CBD-BC69-DAF3C255DA16}"
EndProject
Global
	GlobalSection(SolutionConfigurationPlatforms) = preSolution
		Debug|Any CPU = Debug|Any CPU
		Release|Any CPU = Release|Any CPU
	EndGlobalSection
	GlobalSection(ProjectConfigurationPlatforms) = postSolution
		{D9345B13-EF5D-41D2-BFFB-5066EF056FCE}.Debug|Any CPU.ActiveCfg = Debug|Any CPU
		{D9345B13-EF5D-41D2-BFFB-5066EF056FCE}.Debug|Any CPU.Build.0 = Debug|Any CPU
		{D9345B13-EF5D-41D2-BFFB-5066EF056FCE}.Release|Any CPU.ActiveCfg = Release|Any CPU
		{D9345B13-EF5D-41D2-BFFB-5066EF056FCE}.Release|Any CPU.Build.0 = Release|Any CPU
		{421166B2-D1C4-4CBD-BC69-DAF3C255DA16}.Debug|Any CPU.ActiveCfg = Debug|Any CPU
		{421166B2-D1C4-4CBD-BC69-DAF3C255DA16}.Debug|Any CPU.Build.0 = Debug|Any CPU
		{421166B2-D1C4-4CBD-BC69-DAF3C255DA16}.Release|Any CPU.ActiveCfg = Release|Any CPU
		{421166B2-D1C4-4CBD-BC69-DAF3C255DA16}.Release|Any CPU.Build.0 = Release|Any CPU
	EndGlobalSection
	GlobalSection(SolutionProperties) = preSolution
		HideSolutionNode = FALSE
	EndGlobalSection
	GlobalSection(ExtensibilityGlobals) = postSolution
		SolutionGuid = {4504BB08-1116-418E-AC0D-E3F7F52C55DF}
	EndGlobalSection
EndGlobal
